{
  "name": "blacksheep-geometry",
  "version": "1.0.0",
  "lockfileVersion": 1,
  "requires": true,
  "dependencies": {
    "davids-toolbox": {
      "version": "1.0.2",
      "resolved": "https://registry.npmjs.org/davids-toolbox/-/davids-toolbox-1.0.2.tgz",
      "integrity": "sha512-IQJXTi5doqvhKuQ8eYqQHWhW+cjI2tim0u7508FEG2gSEFr5u1RCS5Cy4u9bkpq6Au1pL4Vn9klVIYkTpYZPlQ=="
    }
  }
}
